
Microsoft Visual Studio Solution File, Format Version 12.00
# Visual Studio 2012
Project("{8BC9CEB8-8B4A-11D0-8D11-00A0C91BC942}") = "bmp_splitter", "bmp_splitter\bmp_splitter.vcxproj", "{0202E560-3BE8-40C9-A5E5-42BEE9156699}"
EndProject
Project("{8BC9CEB8-8B4A-11D0-8D11-00A0C91BC942}") = "db_gen", "db_gen\db_gen.vcxproj", "{AE03774E-5415-45C5-A348-A1541BEC934B}"
EndProject
Project("{8BC9CEB8-8B4A-11D0-8D11-00A0C91BC942}") = "map_gui", "map_gui\map_gui.vcxproj", "{2794E71E-45BF-3BD9-A7D5-BFCD25F2A0E7}"
EndProject
Global
	GlobalSection(SolutionConfigurationPlatforms) = preSolution
		Debug|Mixed Platforms = Debug|Mixed Platforms
		Debug|Win32 = Debug|Win32
		Debug|x64 = Debug|x64
		Release|Mixed Platforms = Release|Mixed Platforms
		Release|Win32 = Release|Win32
		Release|x64 = Release|x64
	EndGlobalSection
	GlobalSection(ProjectConfigurationPlatforms) = postSolution
		{0202E560-3BE8-40C9-A5E5-42BEE9156699}.Debug|Mixed Platforms.ActiveCfg = Debug|x64
		{0202E560-3BE8-40C9-A5E5-42BEE9156699}.Debug|Mixed Platforms.Build.0 = Debug|x64
		{0202E560-3BE8-40C9-A5E5-42BEE9156699}.Debug|Win32.ActiveCfg = Debug|x64
		{0202E560-3BE8-40C9-A5E5-42BEE9156699}.Debug|x64.ActiveCfg = Debug|x64
		{0202E560-3BE8-40C9-A5E5-42BEE9156699}.Debug|x64.Build.0 = Debug|x64
		{0202E560-3BE8-40C9-A5E5-42BEE9156699}.Release|Mixed Platforms.ActiveCfg = Release|x64
		{0202E560-3BE8-40C9-A5E5-42BEE9156699}.Release|Mixed Platforms.Build.0 = Release|x64
		{0202E560-3BE8-40C9-A5E5-42BEE9156699}.Release|Win32.ActiveCfg = Release|x64
		{0202E560-3BE8-40C9-A5E5-42BEE9156699}.Release|x64.ActiveCfg = Release|x64
		{0202E560-3BE8-40C9-A5E5-42BEE9156699}.Release|x64.Build.0 = Release|x64
		{AE03774E-5415-45C5-A348-A1541BEC934B}.Debug|Mixed Platforms.ActiveCfg = Debug|x64
		{AE03774E-5415-45C5-A348-A1541BEC934B}.Debug|Mixed Platforms.Build.0 = Debug|x64
		{AE03774E-5415-45C5-A348-A1541BEC934B}.Debug|Win32.ActiveCfg = Debug|x64
		{AE03774E-5415-45C5-A348-A1541BEC934B}.Debug|x64.ActiveCfg = Debug|x64
		{AE03774E-5415-45C5-A348-A1541BEC934B}.Debug|x64.Build.0 = Debug|x64
		{AE03774E-5415-45C5-A348-A1541BEC934B}.Release|Mixed Platforms.ActiveCfg = Release|x64
		{AE03774E-5415-45C5-A348-A1541BEC934B}.Release|Mixed Platforms.Build.0 = Release|x64
		{AE03774E-5415-45C5-A348-A1541BEC934B}.Release|Win32.ActiveCfg = Release|x64
		{AE03774E-5415-45C5-A348-A1541BEC934B}.Release|x64.ActiveCfg = Release|x64
		{AE03774E-5415-45C5-A348-A1541BEC934B}.Release|x64.Build.0 = Release|x64
		{2794E71E-45BF-3BD9-A7D5-BFCD25F2A0E7}.Debug|Mixed Platforms.ActiveCfg = Debug|Win32
		{2794E71E-45BF-3BD9-A7D5-BFCD25F2A0E7}.Debug|Mixed Platforms.Build.0 = Debug|Win32
		{2794E71E-45BF-3BD9-A7D5-BFCD25F2A0E7}.Debug|Win32.ActiveCfg = Debug|Win32
		{2794E71E-45BF-3BD9-A7D5-BFCD25F2A0E7}.Debug|Win32.Build.0 = Debug|Win32
		{2794E71E-45BF-3BD9-A7D5-BFCD25F2A0E7}.Debug|x64.ActiveCfg = Debug|x64
		{2794E71E-45BF-3BD9-A7D5-BFCD25F2A0E7}.Debug|x64.Build.0 = Debug|x64
		{2794E71E-45BF-3BD9-A7D5-BFCD25F2A0E7}.Release|Mixed Platforms.ActiveCfg = Release|x64
		{2794E71E-45BF-3BD9-A7D5-BFCD25F2A0E7}.Release|Mixed Platforms.Build.0 = Release|x64
		{2794E71E-45BF-3BD9-A7D5-BFCD25F2A0E7}.Release|Win32.ActiveCfg = Release|Win32
		{2794E71E-45BF-3BD9-A7D5-BFCD25F2A0E7}.Release|Win32.Build.0 = Release|Win32
		{2794E71E-45BF-3BD9-A7D5-BFCD25F2A0E7}.Release|x64.ActiveCfg = Release|x64
		{2794E71E-45BF-3BD9-A7D5-BFCD25F2A0E7}.Release|x64.Build.0 = Release|x64
	EndGlobalSection
	GlobalSection(SolutionProperties) = preSolution
		HideSolutionNode = FALSE
	EndGlobalSection
EndGlobal
